// !$*UTF8*$!
{
	archiveVersion = 1;
	classes = {
	};
	objectVersion = 56;
	objects = {

/* Begin PBXBuildFile section */
		CD5145F32C8958AA0077C919 /* AppDelegate.swift in Sources */ = {isa = PBXBuildFile; fileRef = CD5145F22C8958AA0077C919 /* AppDelegate.swift */; };
		CD5145F52C8958AA0077C919 /* SceneDelegate.swift in Sources */ = {isa = PBXBuildFile; fileRef = CD5145F42C8958AA0077C919 /* SceneDelegate.swift */; };
		CD5145F72C8958AA0077C919 /* ViewController.swift in Sources */ = {isa = PBXBuildFile; fileRef = CD5145F62C8958AA0077C919 /* ViewController.swift */; };
		CD5145FA2C8958AA0077C919 /* Base in Resources */ = {isa = PBXBuildFile; fileRef = CD5145F92C8958AA0077C919 /* Base */; };
		CD5145FC2C8958AC0077C919 /* Assets.xcassets in Resources */ = {isa = PBXBuildFile; fileRef = CD5145FB2C8958AC0077C919 /* Assets.xcassets */; };
		CD5145FF2C8958AC0077C919 /* Base in Resources */ = {isa = PBXBuildFile; fileRef = CD5145FE2C8958AC0077C919 /* Base */; };
		CD5146142C8958AC0077C919 /* ButtonTapUITests.swift in Sources */ = {isa = PBXBuildFile; fileRef = CD5146132C8958AC0077C919 /* ButtonTapUITests.swift */; };
		CD5146162C8958AC0077C919 /* ButtonTapUITestsLaunchTests.swift in Sources */ = {isa = PBXBuildFile; fileRef = CD5146152C8958AC0077C919 /* ButtonTapUITestsLaunchTests.swift */; };
		CD5146242C895C670077C919 /* ViewControllerTests.swift in Sources */ = {isa = PBXBuildFile; fileRef = CD5146232C895C670077C919 /* ViewControllerTests.swift */; };
		CD5146262C8962790077C919 /* TestHelpers.swift in Sources */ = {isa = PBXBuildFile; fileRef = CD5146252C8962790077C919 /* TestHelpers.swift */; };
/* End PBXBuildFile section */

/* Begin PBXContainerItemProxy section */
		CD5146062C8958AC0077C919 /* PBXContainerItemProxy */ = {
			isa = PBXContainerItemProxy;
			containerPortal = CD5145E72C8958AA0077C919 /* Project object */;
			proxyType = 1;
			remoteGlobalIDString = CD5145EE2C8958AA0077C919;
			remoteInfo = ButtonTap;
		};
		CD5146102C8958AC0077C919 /* PBXContainerItemProxy */ = {
			isa = PBXContainerItemProxy;
			containerPortal = CD5145E72C8958AA0077C919 /* Project object */;
			proxyType = 1;
			remoteGlobalIDString = CD5145EE2C8958AA0077C919;
			remoteInfo = ButtonTap;
		};
/* End PBXContainerItemProxy section */

/* Begin PBXFileReference section */
		CD5145EF2C8958AA0077C919 /* ButtonTap.app */ = {isa = PBXFileReference; explicitFileType = wrapper.application; includeInIndex = 0; path = ButtonTap.app; sourceTree = BUILT_PRODUCTS_DIR; };
		CD5145F22C8958AA0077C919 /* AppDelegate.swift */ = {isa = PBXFileReference; lastKnownFileType = sourcecode.swift; path = AppDelegate.swift; sourceTree = "<group>"; };
		CD5145F42C8958AA0077C919 /* SceneDelegate.swift */ = {isa = PBXFileReference; lastKnownFileType = sourcecode.swift; path = SceneDelegate.swift; sourceTree = "<group>"; };
		CD5145F62C8958AA0077C919 /* ViewController.swift */ = {isa = PBXFileReference; lastKnownFileType = sourcecode.swift; path = ViewController.swift; sourceTree = "<group>"; };
		CD5145F92C8958AA0077C919 /* Base */ = {isa = PBXFileReference; lastKnownFileType = file.storyboard; name = Base; path = Base.lproj/Main.storyboard; sourceTree = "<group>"; };
		CD5145FB2C8958AC0077C919 /* Assets.xcassets */ = {isa = PBXFileReference; lastKnownFileType = folder.assetcatalog; path = Assets.xcassets; sourceTree = "<group>"; };
		CD5145FE2C8958AC0077C919 /* Base */ = {isa = PBXFileReference; lastKnownFileType = file.storyboard; name = Base; path = Base.lproj/LaunchScreen.storyboard; sourceTree = "<group>"; };
		CD5146002C8958AC0077C919 /* Info.plist */ = {isa = PBXFileReference; lastKnownFileType = text.plist.xml; path = Info.plist; sourceTree = "<group>"; };
		CD5146052C8958AC0077C919 /* ButtonTapTests.xctest */ = {isa = PBXFileReference; explicitFileType = wrapper.cfbundle; includeInIndex = 0; path = ButtonTapTests.xctest; sourceTree = BUILT_PRODUCTS_DIR; };
		CD51460F2C8958AC0077C919 /* ButtonTapUITests.xctest */ = {isa = PBXFileReference; explicitFileType = wrapper.cfbundle; includeInIndex = 0; path = ButtonTapUITests.xctest; sourceTree = BUILT_PRODUCTS_DIR; };
		CD5146132C8958AC0077C919 /* ButtonTapUITests.swift */ = {isa = PBXFileReference; lastKnownFileType = sourcecode.swift; path = ButtonTapUITests.swift; sourceTree = "<group>"; };
		CD5146152C8958AC0077C919 /* ButtonTapUITestsLaunchTests.swift */ = {isa = PBXFileReference; lastKnownFileType = sourcecode.swift; path = ButtonTapUITestsLaunchTests.swift; sourceTree = "<group>"; };
		CD5146222C8958CE0077C919 /* ButtonTap.xctestplan */ = {isa = PBXFileReference; lastKnownFileType = text; path = ButtonTap.xctestplan; sourceTree = "<group>"; };
		CD5146232C895C670077C919 /* ViewControllerTests.swift */ = {isa = PBXFileReference; lastKnownFileType = sourcecode.swift; path = ViewControllerTests.swift; sourceTree = "<group>"; };
		CD5146252C8962790077C919 /* TestHelpers.swift */ = {isa = PBXFileReference; lastKnownFileType = sourcecode.swift; path = TestHelpers.swift; sourceTree = "<group>"; };
/* End PBXFileReference section */

/* Begin PBXFrameworksBuildPhase section */
		CD5145EC2C8958AA0077C919 /* Frameworks */ = {
			isa = PBXFrameworksBuildPhase;
			buildActionMask = 2147483647;
			files = (
			);
			runOnlyForDeploymentPostprocessing = 0;
		};
		CD5146022C8958AC0077C919 /* Frameworks */ = {
			isa = PBXFrameworksBuildPhase;
			buildActionMask = 2147483647;
			files = (
			);
			runOnlyForDeploymentPostprocessing = 0;
		};
		CD51460C2C8958AC0077C919 /* Frameworks */ = {
			isa = PBXFrameworksBuildPhase;
			buildActionMask = 2147483647;
			files = (
			);
			runOnlyForDeploymentPostprocessing = 0;
		};
/* End PBXFrameworksBuildPhase section */

/* Begin PBXGroup section */
		CD5145E62C8958AA0077C919 = {
			isa = PBXGroup;
			children = (
				CD5146222C8958CE0077C919 /* ButtonTap.xctestplan */,
				CD5145F12C8958AA0077C919 /* ButtonTap */,
				CD5146082C8958AC0077C919 /* ButtonTapTests */,
				CD5146122C8958AC0077C919 /* ButtonTapUITests */,
				CD5145F02C8958AA0077C919 /* Products */,
			);
			sourceTree = "<group>";
		};
		CD5145F02C8958AA0077C919 /* Products */ = {
			isa = PBXGroup;
			children = (
				CD5145EF2C8958AA0077C919 /* ButtonTap.app */,
				CD5146052C8958AC0077C919 /* ButtonTapTests.xctest */,
				CD51460F2C8958AC0077C919 /* ButtonTapUITests.xctest */,
			);
			name = Products;
			sourceTree = "<group>";
		};
		CD5145F12C8958AA0077C919 /* ButtonTap */ = {
			isa = PBXGroup;
			children = (
				CD5145F22C8958AA0077C919 /* AppDelegate.swift */,
				CD5145F42C8958AA0077C919 /* SceneDelegate.swift */,
				CD5145F62C8958AA0077C919 /* ViewController.swift */,
				CD5145F82C8958AA0077C919 /* Main.storyboard */,
				CD5145FB2C8958AC0077C919 /* Assets.xcassets */,
				CD5145FD2C8958AC0077C919 /* LaunchScreen.storyboard */,
				CD5146002C8958AC0077C919 /* Info.plist */,
			);
			path = ButtonTap;
			sourceTree = "<group>";
		};
		CD5146082C8958AC0077C919 /* ButtonTapTests */ = {
			isa = PBXGroup;
			children = (
				CD5146232C895C670077C919 /* ViewControllerTests.swift */,
				CD5146252C8962790077C919 /* TestHelpers.swift */,
			);
			path = ButtonTapTests;
			sourceTree = "<group>";
		};
		CD5146122C8958AC0077C919 /* ButtonTapUITests */ = {
			isa = PBXGroup;
			children = (
				CD5146132C8958AC0077C919 /* ButtonTapUITests.swift */,
				CD5146152C8958AC0077C919 /* ButtonTapUITestsLaunchTests.swift */,
			);
			path = ButtonTapUITests;
			sourceTree = "<group>";
		};
/* End PBXGroup section */

/* Begin PBXNativeTarget section */
		CD5145EE2C8958AA0077C919 /* ButtonTap */ = {
			isa = PBXNativeTarget;
			buildConfigurationList = CD5146192C8958AC0077C919 /* Build configuration list for PBXNativeTarget "ButtonTap" */;
			buildPhases = (
				CD5145EB2C8958AA0077C919 /* Sources */,
				CD5145EC2C8958AA0077C919 /* Frameworks */,
				CD5145ED2C8958AA0077C919 /* Resources */,
			);
			buildRules = (
			);
			dependencies = (
			);
			name = ButtonTap;
			productName = ButtonTap;
			productReference = CD5145EF2C8958AA0077C919 /* ButtonTap.app */;
			productType = "com.apple.product-type.application";
		};
		CD5146042C8958AC0077C919 /* ButtonTapTests */ = {
			isa = PBXNativeTarget;
			buildConfigurationList = CD51461C2C8958AC0077C919 /* Build configuration list for PBXNativeTarget "ButtonTapTests" */;
			buildPhases = (
				CD5146012C8958AC0077C919 /* Sources */,
				CD5146022C8958AC0077C919 /* Frameworks */,
				CD5146032C8958AC0077C919 /* Resources */,
			);
			buildRules = (
			);
			dependencies = (
				CD5146072C8958AC0077C919 /* PBXTargetDependency */,
			);
			name = ButtonTapTests;
			productName = ButtonTapTests;
			productReference = CD5146052C8958AC0077C919 /* ButtonTapTests.xctest */;
			productType = "com.apple.product-type.bundle.unit-test";
		};
		CD51460E2C8958AC0077C919 /* ButtonTapUITests */ = {
			isa = PBXNativeTarget;
			buildConfigurationList = CD51461F2C8958AC0077C919 /* Build configuration list for PBXNativeTarget "ButtonTapUITests" */;
			buildPhases = (
				CD51460B2C8958AC0077C919 /* Sources */,
				CD51460C2C8958AC0077C919 /* Frameworks */,
				CD51460D2C8958AC0077C919 /* Resources */,
			);
			buildRules = (
			);
			dependencies = (
				CD5146112C8958AC0077C919 /* PBXTargetDependency */,
			);
			name = ButtonTapUITests;
			productName = ButtonTapUITests;
			productReference = CD51460F2C8958AC0077C919 /* ButtonTapUITests.xctest */;
			productType = "com.apple.product-type.bundle.ui-testing";
		};
/* End PBXNativeTarget section */

/* Begin PBXProject section */
		CD5145E72C8958AA0077C919 /* Project object */ = {
			isa = PBXProject;
			attributes = {
				BuildIndependentTargetsInParallel = 1;
				LastSwiftUpdateCheck = 1540;
				LastUpgradeCheck = 1540;
				TargetAttributes = {
					CD5145EE2C8958AA0077C919 = {
						CreatedOnToolsVersion = 15.4;
					};
					CD5146042C8958AC0077C919 = {
						CreatedOnToolsVersion = 15.4;
						LastSwiftMigration = 1540;
						TestTargetID = CD5145EE2C8958AA0077C919;
					};
					CD51460E2C8958AC0077C919 = {
						CreatedOnToolsVersion = 15.4;
						TestTargetID = CD5145EE2C8958AA0077C919;
					};
				};
			};
			buildConfigurationList = CD5145EA2C8958AA0077C919 /* Build configuration list for PBXProject "ButtonTap" */;
			compatibilityVersion = "Xcode 14.0";
			developmentRegion = en;
			hasScannedForEncodings = 0;
			knownRegions = (
				en,
				Base,
			);
			mainGroup = CD5145E62C8958AA0077C919;
			productRefGroup = CD5145F02C8958AA0077C919 /* Products */;
			projectDirPath = "";
			projectRoot = "";
			targets = (
				CD5145EE2C8958AA0077C919 /* ButtonTap */,
				CD5146042C8958AC0077C919 /* ButtonTapTests */,
				CD51460E2C8958AC0077C919 /* ButtonTapUITests */,
			);
		};
/* End PBXProject section */

/* Begin PBXResourcesBuildPhase section */
		CD5145ED2C8958AA0077C919 /* Resources */ = {
			isa = PBXResourcesBuildPhase;
			buildActionMask = 2147483647;
			files = (
				CD5145FC2C8958AC0077C919 /* Assets.xcassets in Resources */,
				CD5145FF2C8958AC0077C919 /* Base in Resources */,
				CD5145FA2C8958AA0077C919 /* Base in Resources */,
			);
			runOnlyForDeploymentPostprocessing = 0;
		};
		CD5146032C8958AC0077C919 /* Resources */ = {
			isa = PBXResourcesBuildPhase;
			buildActionMask = 2147483647;
			files = (
			);
			runOnlyForDeploymentPostprocessing = 0;
		};
		CD51460D2C8958AC0077C919 /* Resources */ = {
			isa = PBXResourcesBuildPhase;
			buildActionMask = 2147483647;
			files = (
			);
			runOnlyForDeploymentPostprocessing = 0;
		};
/* End PBXResourcesBuildPhase section */

/* Begin PBXSourcesBuildPhase section */
		CD5145EB2C8958AA0077C919 /* Sources */ = {
			isa = PBXSourcesBuildPhase;
			buildActionMask = 2147483647;
			files = (
				CD5145F72C8958AA0077C919 /* ViewController.swift in Sources */,
				CD5145F32C8958AA0077C919 /* AppDelegate.swift in Sources */,
				CD5145F52C8958AA0077C919 /* SceneDelegate.swift in Sources */,
			);
			runOnlyForDeploymentPostprocessing = 0;
		};
		CD5146012C8958AC0077C919 /* Sources */ = {
			isa = PBXSourcesBuildPhase;
			buildActionMask = 2147483647;
			files = (
				CD5146242C895C670077C919 /* ViewControllerTests.swift in Sources */,
				CD5146262C8962790077C919 /* TestHelpers.swift in Sources */,
			);
			runOnlyForDeploymentPostprocessing = 0;
		};
		CD51460B2C8958AC0077C919 /* Sources */ = {
			isa = PBXSourcesBuildPhase;
			buildActionMask = 2147483647;
			files = (
				CD5146162C8958AC0077C919 /* ButtonTapUITestsLaunchTests.swift in Sources */,
				CD5146142C8958AC0077C919 /* ButtonTapUITests.swift in Sources */,
			);
			runOnlyForDeploymentPostprocessing = 0;
		};
/* End PBXSourcesBuildPhase section */

/* Begin PBXTargetDependency section */
		CD5146072C8958AC0077C919 /* PBXTargetDependency */ = {
			isa = PBXTargetDependency;
			target = CD5145EE2C8958AA0077C919 /* ButtonTap */;
			targetProxy = CD5146062C8958AC0077C919 /* PBXContainerItemProxy */;
		};
		CD5146112C8958AC0077C919 /* PBXTargetDependency */ = {
			isa = PBXTargetDependency;
			target = CD5145EE2C8958AA0077C919 /* ButtonTap */;
			targetProxy = CD5146102C8958AC0077C919 /* PBXContainerItemProxy */;
		};
/* End PBXTargetDependency section */

/* Begin PBXVariantGroup section */
		CD5145F82C8958AA0077C919 /* Main.storyboard */ = {
			isa = PBXVariantGroup;
			children = (
				CD5145F92C8958AA0077C919 /* Base */,
			);
			name = Main.storyboard;
			sourceTree = "<group>";
		};
		CD5145FD2C8958AC0077C919 /* LaunchScreen.storyboard */ = {
			isa = PBXVariantGroup;
			children = (
				CD5145FE2C8958AC0077C919 /* Base */,
			);
			name = LaunchScreen.storyboard;
			sourceTree = "<group>";
		};
/* End PBXVariantGroup section */

/* Begin XCBuildConfiguration section */
		CD5146172C8958AC0077C919 /* Debug */ = {
			isa = XCBuildConfiguration;
			buildSettings = {
				ALWAYS_SEARCH_USER_PATHS = NO;
				ASSETCATALOG_COMPILER_GENERATE_SWIFT_ASSET_SYMBOL_EXTENSIONS = YES;
				CLANG_ANALYZER_NONNULL = YES;
				CLANG_ANALYZER_NUMBER_OBJECT_CONVERSION = YES_AGGRESSIVE;
				CLANG_CXX_LANGUAGE_STANDARD = "gnu++20";
				CLANG_ENABLE_MODULES = YES;
				CLANG_ENABLE_OBJC_ARC = YES;
				CLANG_ENABLE_OBJC_WEAK = YES;
				CLANG_WARN_BLOCK_CAPTURE_AUTORELEASING = YES;
				CLANG_WARN_BOOL_CONVERSION = YES;
				CLANG_WARN_COMMA = YES;
				CLANG_WARN_CONSTANT_CONVERSION = YES;
				CLANG_WARN_DEPRECATED_OBJC_IMPLEMENTATIONS = YES;
				CLANG_WARN_DIRECT_OBJC_ISA_USAGE = YES_ERROR;
				CLANG_WARN_DOCUMENTATION_COMMENTS = YES;
				CLANG_WARN_EMPTY_BODY = YES;
				CLANG_WARN_ENUM_CONVERSION = YES;
				CLANG_WARN_INFINITE_RECURSION = YES;
				CLANG_WARN_INT_CONVERSION = YES;
				CLANG_WARN_NON_LITERAL_NULL_CONVERSION = YES;
				CLANG_WARN_OBJC_IMPLICIT_RETAIN_SELF = YES;
				CLANG_WARN_OBJC_LITERAL_CONVERSION = YES;
				CLANG_WARN_OBJC_ROOT_CLASS = YES_ERROR;
				CLANG_WARN_QUOTED_INCLUDE_IN_FRAMEWORK_HEADER = YES;
				CLANG_WARN_RANGE_LOOP_ANALYSIS = YES;
				CLANG_WARN_STRICT_PROTOTYPES = YES;
				CLANG_WARN_SUSPICIOUS_MOVE = YES;
				CLANG_WARN_UNGUARDED_AVAILABILITY = YES_AGGRESSIVE;
				CLANG_WARN_UNREACHABLE_CODE = YES;
				CLANG_WARN__DUPLICATE_METHOD_MATCH = YES;
				COPY_PHASE_STRIP = NO;
				DEBUG_INFORMATION_FORMAT = dwarf;
				ENABLE_STRICT_OBJC_MSGSEND = YES;
				ENABLE_TESTABILITY = YES;
				ENABLE_USER_SCRIPT_SANDBOXING = YES;
				GCC_C_LANGUAGE_STANDARD = gnu17;
				GCC_DYNAMIC_NO_PIC = NO;
				GCC_NO_COMMON_BLOCKS = YES;
				GCC_OPTIMIZATION_LEVEL = 0;
				GCC_PREPROCESSOR_DEFINITIONS = (
					"DEBUG=1",
					"$(inherited)",
				);
				GCC_WARN_64_TO_32_BIT_CONVERSION = YES;
				GCC_WARN_ABOUT_RETURN_TYPE = YES_ERROR;
				GCC_WARN_UNDECLARED_SELECTOR = YES;
				GCC_WARN_UNINITIALIZED_AUTOS = YES_AGGRESSIVE;
				GCC_WARN_UNUSED_FUNCTION = YES;
				GCC_WARN_UNUSED_VARIABLE = YES;
				IPHONEOS_DEPLOYMENT_TARGET = 17.5;
				LOCALIZATION_PREFERS_STRING_CATALOGS = YES;
				MTL_ENABLE_DEBUG_INFO = INCLUDE_SOURCE;
				MTL_FAST_MATH = YES;
				ONLY_ACTIVE_ARCH = YES;
				SDKROOT = iphoneos;
				SWIFT_ACTIVE_COMPILATION_CONDITIONS = "DEBUG $(inherited)";
				SWIFT_OPTIMIZATION_LEVEL = "-Onone";
			};
			name = Debug;
		};
		CD5146182C8958AC0077C919 /* Release */ = {
			isa = XCBuildConfiguration;
			buildSettings = {
				ALWAYS_SEARCH_USER_PATHS = NO;
				ASSETCATALOG_COMPILER_GENERATE_SWIFT_ASSET_SYMBOL_EXTENSIONS = YES;
				CLANG_ANALYZER_NONNULL = YES;
				CLANG_ANALYZER_NUMBER_OBJECT_CONVERSION = YES_AGGRESSIVE;
				CLANG_CXX_LANGUAGE_STANDARD = "gnu++20";
				CLANG_ENABLE_MODULES = YES;
				CLANG_ENABLE_OBJC_ARC = YES;
				CLANG_ENABLE_OBJC_WEAK = YES;
				CLANG_WARN_BLOCK_CAPTURE_AUTORELEASING = YES;
				CLANG_WARN_BOOL_CONVERSION = YES;
				CLANG_WARN_COMMA = YES;
				CLANG_WARN_CONSTANT_CONVERSION = YES;
				CLANG_WARN_DEPRECATED_OBJC_IMPLEMENTATIONS = YES;
				CLANG_WARN_DIRECT_OBJC_ISA_USAGE = YES_ERROR;
				CLANG_WARN_DOCUMENTATION_COMMENTS = YES;
				CLANG_WARN_EMPTY_BODY = YES;
				CLANG_WARN_ENUM_CONVERSION = YES;
				CLANG_WARN_INFINITE_RECURSION = YES;
				CLANG_WARN_INT_CONVERSION = YES;
				CLANG_WARN_NON_LITERAL_NULL_CONVERSION = YES;
				CLANG_WARN_OBJC_IMPLICIT_RETAIN_SELF = YES;
				CLANG_WARN_OBJC_LITERAL_CONVERSION = YES;
				CLANG_WARN_OBJC_ROOT_CLASS = YES_ERROR;
				CLANG_WARN_QUOTED_INCLUDE_IN_FRAMEWORK_HEADER = YES;
				CLANG_WARN_RANGE_LOOP_ANALYSIS = YES;
				CLANG_WARN_STRICT_PROTOTYPES = YES;
				CLANG_WARN_SUSPICIOUS_MOVE = YES;
				CLANG_WARN_UNGUARDED_AVAILABILITY = YES_AGGRESSIVE;
				CLANG_WARN_UNREACHABLE_CODE = YES;
				CLANG_WARN__DUPLICATE_METHOD_MATCH = YES;
				COPY_PHASE_STRIP = NO;
				DEBUG_INFORMATION_FORMAT = "dwarf-with-dsym";
				ENABLE_NS_ASSERTIONS = NO;
				ENABLE_STRICT_OBJC_MSGSEND = YES;
				ENABLE_USER_SCRIPT_SANDBOXING = YES;
				GCC_C_LANGUAGE_STANDARD = gnu17;
				GCC_NO_COMMON_BLOCKS = YES;
				GCC_WARN_64_TO_32_BIT_CONVERSION = YES;
				GCC_WARN_ABOUT_RETURN_TYPE = YES_ERROR;
				GCC_WARN_UNDECLARED_SELECTOR = YES;
				GCC_WARN_UNINITIALIZED_AUTOS = YES_AGGRESSIVE;
				GCC_WARN_UNUSED_FUNCTION = YES;
				GCC_WARN_UNUSED_VARIABLE = YES;
				IPHONEOS_DEPLOYMENT_TARGET = 17.5;
				LOCALIZATION_PREFERS_STRING_CATALOGS = YES;
				MTL_ENABLE_DEBUG_INFO = NO;
				MTL_FAST_MATH = YES;
				SDKROOT = iphoneos;
				SWIFT_COMPILATION_MODE = wholemodule;
				VALIDATE_PRODUCT = YES;
			};
			name = Release;
		};
		CD51461A2C8958AC0077C919 /* Debug */ = {
			isa = XCBuildConfiguration;
			buildSettings = {
				ASSETCATALOG_COMPILER_APPICON_NAME = AppIcon;
				ASSETCATALOG_COMPILER_GLOBAL_ACCENT_COLOR_NAME = AccentColor;
				CODE_SIGN_STYLE = Automatic;
				CURRENT_PROJECT_VERSION = 1;
				GENERATE_INFOPLIST_FILE = YES;
				INFOPLIST_FILE = ButtonTap/Info.plist;
				INFOPLIST_KEY_UIApplicationSupportsIndirectInputEvents = YES;
				INFOPLIST_KEY_UILaunchStoryboardName = LaunchScreen;
				INFOPLIST_KEY_UIMainStoryboardFile = Main;
				INFOPLIST_KEY_UISupportedInterfaceOrientations_iPad = "UIInterfaceOrientationPortrait UIInterfaceOrientationPortraitUpsideDown UIInterfaceOrientationLandscapeLeft UIInterfaceOrientationLandscapeRight";
				INFOPLIST_KEY_UISupportedInterfaceOrientations_iPhone = "UIInterfaceOrientationPortrait UIInterfaceOrientationLandscapeLeft UIInterfaceOrientationLandscapeRight";
				LD_RUNPATH_SEARCH_PATHS = (
					"$(inherited)",
					"@executable_path/Frameworks",
				);
				MARKETING_VERSION = 1.0;
				PRODUCT_BUNDLE_IDENTIFIER = com.hanis.ButtonTap;
				PRODUCT_NAME = "$(TARGET_NAME)";
				SWIFT_EMIT_LOC_STRINGS = YES;
				SWIFT_VERSION = 5.0;
				TARGETED_DEVICE_FAMILY = "1,2";
			};
			name = Debug;
		};
		CD51461B2C8958AC0077C919 /* Release */ = {
			isa = XCBuildConfiguration;
			buildSettings = {
				ASSETCATALOG_COMPILER_APPICON_NAME = AppIcon;
				ASSETCATALOG_COMPILER_GLOBAL_ACCENT_COLOR_NAME = AccentColor;
				CODE_SIGN_STYLE = Automatic;
				CURRENT_PROJECT_VERSION = 1;
				GENERATE_INFOPLIST_FILE = YES;
				INFOPLIST_FILE = ButtonTap/Info.plist;
				INFOPLIST_KEY_UIApplicationSupportsIndirectInputEvents = YES;
				INFOPLIST_KEY_UILaunchStoryboardName = LaunchScreen;
				INFOPLIST_KEY_UIMainStoryboardFile = Main;
				INFOPLIST_KEY_UISupportedInterfaceOrientations_iPad = "UIInterfaceOrientationPortrait UIInterfaceOrientationPortraitUpsideDown UIInterfaceOrientationLandscapeLeft UIInterfaceOrientationLandscapeRight";
				INFOPLIST_KEY_UISupportedInterfaceOrientations_iPhone = "UIInterfaceOrientationPortrait UIInterfaceOrientationLandscapeLeft UIInterfaceOrientationLandscapeRight";
				LD_RUNPATH_SEARCH_PATHS = (
					"$(inherited)",
					"@executable_path/Frameworks",
				);
				MARKETING_VERSION = 1.0;
				PRODUCT_BUNDLE_IDENTIFIER = com.hanis.ButtonTap;
				PRODUCT_NAME = "$(TARGET_NAME)";
				SWIFT_EMIT_LOC_STRINGS = YES;
				SWIFT_VERSION = 5.0;
				TARGETED_DEVICE_FAMILY = "1,2";
			};
			name = Release;
		};
		CD51461D2C8958AC0077C919 /* Debug */ = {
			isa = XCBuildConfiguration;
			buildSettings = {
				ALWAYS_EMBED_SWIFT_STANDARD_LIBRARIES = YES;
				BUNDLE_LOADER = "$(TEST_HOST)";
				CLANG_ENABLE_MODULES = YES;
				CODE_SIGN_STYLE = Automatic;
				CURRENT_PROJECT_VERSION = 1;
				GENERATE_INFOPLIST_FILE = YES;
				IPHONEOS_DEPLOYMENT_TARGET = 17.5;
				MARKETING_VERSION = 1.0;
				PRODUCT_BUNDLE_IDENTIFIER = com.hanis.ButtonTapTests;
				PRODUCT_NAME = "$(TARGET_NAME)";
				SWIFT_EMIT_LOC_STRINGS = NO;
				SWIFT_OPTIMIZATION_LEVEL = "-Onone";
				SWIFT_VERSION = 5.0;
				TARGETED_DEVICE_FAMILY = "1,2";
				TEST_HOST = "$(BUILT_PRODUCTS_DIR)/ButtonTap.app/$(BUNDLE_EXECUTABLE_FOLDER_PATH)/ButtonTap";
			};
			name = Debug;
		};
		CD51461E2C8958AC0077C919 /* Release */ = {
			isa = XCBuildConfiguration;
			buildSettings = {
				ALWAYS_EMBED_SWIFT_STANDARD_LIBRARIES = YES;
				BUNDLE_LOADER = "$(TEST_HOST)";
				CLANG_ENABLE_MODULES = YES;
				CODE_SIGN_STYLE = Automatic;
				CURRENT_PROJECT_VERSION = 1;
				GENERATE_INFOPLIST_FILE = YES;
				IPHONEOS_DEPLOYMENT_TARGET = 17.5;
				MARKETING_VERSION = 1.0;
				PRODUCT_BUNDLE_IDENTIFIER = com.hanis.ButtonTapTests;
				PRODUCT_NAME = "$(TARGET_NAME)";
				SWIFT_EMIT_LOC_STRINGS = NO;
				SWIFT_VERSION = 5.0;
				TARGETED_DEVICE_FAMILY = "1,2";
				TEST_HOST = "$(BUILT_PRODUCTS_DIR)/ButtonTap.app/$(BUNDLE_EXECUTABLE_FOLDER_PATH)/ButtonTap";
			};
			name = Release;
		};
		CD5146202C8958AC0077C919 /* Debug */ = {
			isa = XCBuildConfiguration;
			buildSettings = {
				ALWAYS_EMBED_SWIFT_STANDARD_LIBRARIES = YES;
				CODE_SIGN_STYLE = Automatic;
				CURRENT_PROJECT_VERSION = 1;
				GENERATE_INFOPLIST_FILE = YES;
				MARKETING_VERSION = 1.0;
				PRODUCT_BUNDLE_IDENTIFIER = com.hanis.ButtonTapUITests;
				PRODUCT_NAME = "$(TARGET_NAME)";
				SWIFT_EMIT_LOC_STRINGS = NO;
				SWIFT_VERSION = 5.0;
				TARGETED_DEVICE_FAMILY = "1,2";
				TEST_TARGET_NAME = ButtonTap;
			};
			name = Debug;
		};
		CD5146212C8958AC0077C919 /* Release */ = {
			isa = XCBuildConfiguration;
			buildSettings = {
				ALWAYS_EMBED_SWIFT_STANDARD_LIBRARIES = YES;
				CODE_SIGN_STYLE = Automatic;
				CURRENT_PROJECT_VERSION = 1;
				GENERATE_INFOPLIST_FILE = YES;
				MARKETING_VERSION = 1.0;
				PRODUCT_BUNDLE_IDENTIFIER = com.hanis.ButtonTapUITests;
				PRODUCT_NAME = "$(TARGET_NAME)";
				SWIFT_EMIT_LOC_STRINGS = NO;
				SWIFT_VERSION = 5.0;
				TARGETED_DEVICE_FAMILY = "1,2";
				TEST_TARGET_NAME = ButtonTap;
			};
			name = Release;
		};
/* End XCBuildConfiguration section */

/* Begin XCConfigurationList section */
		CD5145EA2C8958AA0077C919 /* Build configuration list for PBXProject "ButtonTap" */ = {
			isa = XCConfigurationList;
			buildConfigurations = (
				CD5146172C8958AC0077C919 /* Debug */,
				CD5146182C8958AC0077C919 /* Release */,
			);
			defaultConfigurationIsVisible = 0;
			defaultConfigurationName = Release;
		};
		CD5146192C8958AC0077C919 /* Build configuration list for PBXNativeTarget "ButtonTap" */ = {
			isa = XCConfigurationList;
			buildConfigurations = (
				CD51461A2C8958AC0077C919 /* Debug */,
				CD51461B2C8958AC0077C919 /* Release */,
			);
			defaultConfigurationIsVisible = 0;
			defaultConfigurationName = Release;
		};
		CD51461C2C8958AC0077C919 /* Build configuration list for PBXNativeTarget "ButtonTapTests" */ = {
			isa = XCConfigurationList;
			buildConfigurations = (
				CD51461D2C8958AC0077C919 /* Debug */,
				CD51461E2C8958AC0077C919 /* Release */,
			);
			defaultConfigurationIsVisible = 0;
			defaultConfigurationName = Release;
		};
		CD51461F2C8958AC0077C919 /* Build configuration list for PBXNativeTarget "ButtonTapUITests" */ = {
			isa = XCConfigurationList;
			buildConfigurations = (
				CD5146202C8958AC0077C919 /* Debug */,
				CD5146212C8958AC0077C919 /* Release */,
			);
			defaultConfigurationIsVisible = 0;
			defaultConfigurationName = Release;
		};
/* End XCConfigurationList section */
	};
	rootObject = CD5145E72C8958AA0077C919 /* Project object */;
}
